// !$*UTF8*$!
{
	archiveVersion = 1;
	classes = {
	};
	objectVersion = 46;
	objects = {

/* Begin PBXBuildFile section */
		076680C31D7F3B270005BC8E /* AppDelegate.swift in Sources */ = {isa = PBXBuildFile; fileRef = 076680C21D7F3B270005BC8E /* AppDelegate.swift */; };
		076680C51D7F3B270005BC8E /* ViewController.swift in Sources */ = {isa = PBXBuildFile; fileRef = 076680C41D7F3B270005BC8E /* ViewController.swift */; };
		076680C81D7F3B270005BC8E /* Main.storyboard in Resources */ = {isa = PBXBuildFile; fileRef = 076680C61D7F3B270005BC8E /* Main.storyboard */; };
		076680CA1D7F3B280005BC8E /* Assets.xcassets in Resources */ = {isa = PBXBuildFile; fileRef = 076680C91D7F3B280005BC8E /* Assets.xcassets */; };
		076680CD1D7F3B290005BC8E /* LaunchScreen.storyboard in Resources */ = {isa = PBXBuildFile; fileRef = 076680CB1D7F3B290005BC8E /* LaunchScreen.storyboard */; };
		076680D81D7F3B2B0005BC8E /* viewAnimationUITests.swift in Sources */ = {isa = PBXBuildFile; fileRef = 076680D71D7F3B2B0005BC8E /* viewAnimationUITests.swift */; };
		076680E31D7F3E030005BC8E /* NextViewController.swift in Sources */ = {isa = PBXBuildFile; fileRef = 076680E21D7F3E030005BC8E /* NextViewController.swift */; };
/* End PBXBuildFile section */

/* Begin PBXContainerItemProxy section */
		076680D41D7F3B2B0005BC8E /* PBXContainerItemProxy */ = {
			isa = PBXContainerItemProxy;
			containerPortal = 076680B71D7F3B240005BC8E /* Project object */;
			proxyType = 1;
			remoteGlobalIDString = 076680BE1D7F3B250005BC8E;
			remoteInfo = viewAnimation;
		};
/* End PBXContainerItemProxy section */

/* Begin PBXFileReference section */
		076680BF1D7F3B260005BC8E /* viewAnimation.app */ = {isa = PBXFileReference; explicitFileType = wrapper.application; includeInIndex = 0; path = viewAnimation.app; sourceTree = BUILT_PRODUCTS_DIR; };
		076680C21D7F3B270005BC8E /* AppDelegate.swift */ = {isa = PBXFileReference; lastKnownFileType = sourcecode.swift; path = AppDelegate.swift; sourceTree = "<group>"; };
		076680C41D7F3B270005BC8E /* ViewController.swift */ = {isa = PBXFileReference; lastKnownFileType = sourcecode.swift; path = ViewController.swift; sourceTree = "<group>"; };
		076680C71D7F3B270005BC8E /* Base */ = {isa = PBXFileReference; lastKnownFileType = file.storyboard; name = Base; path = Base.lproj/Main.storyboard; sourceTree = "<group>"; };
		076680C91D7F3B280005BC8E /* Assets.xcassets */ = {isa = PBXFileReference; lastKnownFileType = folder.assetcatalog; path = Assets.xcassets; sourceTree = "<group>"; };
		076680CC1D7F3B290005BC8E /* Base */ = {isa = PBXFileReference; lastKnownFileType = file.storyboard; name = Base; path = Base.lproj/LaunchScreen.storyboard; sourceTree = "<group>"; };
		076680CE1D7F3B290005BC8E /* Info.plist */ = {isa = PBXFileReference; lastKnownFileType = text.plist.xml; path = Info.plist; sourceTree = "<group>"; };
		076680D31D7F3B2B0005BC8E /* viewAnimationUITests.xctest */ = {isa = PBXFileReference; explicitFileType = wrapper.cfbundle; includeInIndex = 0; path = viewAnimationUITests.xctest; sourceTree = BUILT_PRODUCTS_DIR; };
		076680D71D7F3B2B0005BC8E /* viewAnimationUITests.swift */ = {isa = PBXFileReference; lastKnownFileType = sourcecode.swift; path = viewAnimationUITests.swift; sourceTree = "<group>"; };
		076680D91D7F3B2B0005BC8E /* Info.plist */ = {isa = PBXFileReference; lastKnownFileType = text.plist.xml; path = Info.plist; sourceTree = "<group>"; };
		076680E21D7F3E030005BC8E /* NextViewController.swift */ = {isa = PBXFileReference; fileEncoding = 4; lastKnownFileType = sourcecode.swift; path = NextViewController.swift; sourceTree = "<group>"; };
/* End PBXFileReference section */

/* Begin PBXFrameworksBuildPhase section */
		076680BC1D7F3B250005BC8E /* Frameworks */ = {
			isa = PBXFrameworksBuildPhase;
			buildActionMask = 2147483647;
			files = (
			);
			runOnlyForDeploymentPostprocessing = 0;
		};
		076680D01D7F3B2B0005BC8E /* Frameworks */ = {
			isa = PBXFrameworksBuildPhase;
			buildActionMask = 2147483647;
			files = (
			);
			runOnlyForDeploymentPostprocessing = 0;
		};
/* End PBXFrameworksBuildPhase section */

/* Begin PBXGroup section */
		076680B61D7F3B230005BC8E = {
			isa = PBXGroup;
			children = (
				076680C11D7F3B260005BC8E /* viewAnimation */,
				076680D61D7F3B2B0005BC8E /* viewAnimationUITests */,
				076680C01D7F3B260005BC8E /* Products */,
			);
			sourceTree = "<group>";
		};
		076680C01D7F3B260005BC8E /* Products */ = {
			isa = PBXGroup;
			children = (
				076680BF1D7F3B260005BC8E /* viewAnimation.app */,
				076680D31D7F3B2B0005BC8E /* viewAnimationUITests.xctest */,
			);
			name = Products;
			sourceTree = "<group>";
		};
		076680C11D7F3B260005BC8E /* viewAnimation */ = {
			isa = PBXGroup;
			children = (
				076680C21D7F3B270005BC8E /* AppDelegate.swift */,
				076680C41D7F3B270005BC8E /* ViewController.swift */,
				076680E21D7F3E030005BC8E /* NextViewController.swift */,
				076680C61D7F3B270005BC8E /* Main.storyboard */,
				076680C91D7F3B280005BC8E /* Assets.xcassets */,
				076680CB1D7F3B290005BC8E /* LaunchScreen.storyboard */,
				076680CE1D7F3B290005BC8E /* Info.plist */,
			);
			path = viewAnimation;
			sourceTree = "<group>";
		};
		076680D61D7F3B2B0005BC8E /* viewAnimationUITests */ = {
			isa = PBXGroup;
			children = (
				076680D71D7F3B2B0005BC8E /* viewAnimationUITests.swift */,
				076680D91D7F3B2B0005BC8E /* Info.plist */,
			);
			path = viewAnimationUITests;
			sourceTree = "<group>";
		};
/* End PBXGroup section */

/* Begin PBXNativeTarget section */
		076680BE1D7F3B250005BC8E /* viewAnimation */ = {
			isa = PBXNativeTarget;
			buildConfigurationList = 076680DC1D7F3B2B0005BC8E /* Build configuration list for PBXNativeTarget "viewAnimation" */;
			buildPhases = (
				076680BB1D7F3B250005BC8E /* Sources */,
				076680BC1D7F3B250005BC8E /* Frameworks */,
				076680BD1D7F3B250005BC8E /* Resources */,
			);
			buildRules = (
			);
			dependencies = (
			);
			name = viewAnimation;
			productName = viewAnimation;
			productReference = 076680BF1D7F3B260005BC8E /* viewAnimation.app */;
			productType = "com.apple.product-type.application";
		};
		076680D21D7F3B2B0005BC8E /* viewAnimationUITests */ = {
			isa = PBXNativeTarget;
			buildConfigurationList = 076680DF1D7F3B2B0005BC8E /* Build configuration list for PBXNativeTarget "viewAnimationUITests" */;
			buildPhases = (
				076680CF1D7F3B2B0005BC8E /* Sources */,
				076680D01D7F3B2B0005BC8E /* Frameworks */,
				076680D11D7F3B2B0005BC8E /* Resources */,
			);
			buildRules = (
			);
			dependencies = (
				076680D51D7F3B2B0005BC8E /* PBXTargetDependency */,
			);
			name = viewAnimationUITests;
			productName = viewAnimationUITests;
			productReference = 076680D31D7F3B2B0005BC8E /* viewAnimationUITests.xctest */;
			productType = "com.apple.product-type.bundle.ui-testing";
		};
/* End PBXNativeTarget section */

/* Begin PBXProject section */
		076680B71D7F3B240005BC8E /* Project object */ = {
			isa = PBXProject;
			attributes = {
				LastSwiftUpdateCheck = 0730;
				LastUpgradeCheck = 0730;
				ORGANIZATIONNAME = Sgtmt;
				TargetAttributes = {
					076680BE1D7F3B250005BC8E = {
						CreatedOnToolsVersion = 7.3;
					};
					076680D21D7F3B2B0005BC8E = {
						CreatedOnToolsVersion = 7.3;
						TestTargetID = 076680BE1D7F3B250005BC8E;
					};
				};
			};
			buildConfigurationList = 076680BA1D7F3B240005BC8E /* Build configuration list for PBXProject "viewAnimation" */;
			compatibilityVersion = "Xcode 3.2";
			developmentRegion = English;
			hasScannedForEncodings = 0;
			knownRegions = (
				en,
				Base,
			);
			mainGroup = 076680B61D7F3B230005BC8E;
			productRefGroup = 076680C01D7F3B260005BC8E /* Products */;
			projectDirPath = "";
			projectRoot = "";
			targets = (
				076680BE1D7F3B250005BC8E /* viewAnimation */,
				076680D21D7F3B2B0005BC8E /* viewAnimationUITests */,
			);
		};
/* End PBXProject section */

/* Begin PBXResourcesBuildPhase section */
		076680BD1D7F3B250005BC8E /* Resources */ = {
			isa = PBXResourcesBuildPhase;
			buildActionMask = 2147483647;
			files = (
				076680CD1D7F3B290005BC8E /* LaunchScreen.storyboard in Resources */,
				076680CA1D7F3B280005BC8E /* Assets.xcassets in Resources */,
				076680C81D7F3B270005BC8E /* Main.storyboard in Resources */,
			);
			runOnlyForDeploymentPostprocessing = 0;
		};
		076680D11D7F3B2B0005BC8E /* Resources */ = {
			isa = PBXResourcesBuildPhase;
			buildActionMask = 2147483647;
			files = (
			);
			runOnlyForDeploymentPostprocessing = 0;
		};
/* End PBXResourcesBuildPhase section */

/* Begin PBXSourcesBuildPhase section */
		076680BB1D7F3B250005BC8E /* Sources */ = {
			isa = PBXSourcesBuildPhase;
			buildActionMask = 2147483647;
			files = (
				076680C51D7F3B270005BC8E /* ViewController.swift in Sources */,
				076680E31D7F3E030005BC8E /* NextViewController.swift in Sources */,
				076680C31D7F3B270005BC8E /* AppDelegate.swift in Sources */,
			);
			runOnlyForDeploymentPostprocessing = 0;
		};
		076680CF1D7F3B2B0005BC8E /* Sources */ = {
			isa = PBXSourcesBuildPhase;
			buildActionMask = 2147483647;
			files = (
				076680D81D7F3B2B0005BC8E /* viewAnimationUITests.swift in Sources */,
			);
			runOnlyForDeploymentPostprocessing = 0;
		};
/* End PBXSourcesBuildPhase section */

/* Begin PBXTargetDependency section */
		076680D51D7F3B2B0005BC8E /* PBXTargetDependency */ = {
			isa = PBXTargetDependency;
			target = 076680BE1D7F3B250005BC8E /* viewAnimation */;
			targetProxy = 076680D41D7F3B2B0005BC8E /* PBXContainerItemProxy */;
		};
/* End PBXTargetDependency section */

/* Begin PBXVariantGroup section */
		076680C61D7F3B270005BC8E /* Main.storyboard */ = {
			isa = PBXVariantGroup;
			children = (
				076680C71D7F3B270005BC8E /* Base */,
			);
			name = Main.storyboard;
			sourceTree = "<group>";
		};
		076680CB1D7F3B290005BC8E /* LaunchScreen.storyboard */ = {
			isa = PBXVariantGroup;
			children = (
				076680CC1D7F3B290005BC8E /* Base */,
			);
			name = LaunchScreen.storyboard;
			sourceTree = "<group>";
		};
/* End PBXVariantGroup section */

/* Begin XCBuildConfiguration section */
		076680DA1D7F3B2B0005BC8E /* Debug */ = {
			isa = XCBuildConfiguration;
			buildSettings = {
				ALWAYS_SEARCH_USER_PATHS = NO;
				CLANG_ANALYZER_NONNULL = YES;
				CLANG_CXX_LANGUAGE_STANDARD = "gnu++0x";
				CLANG_CXX_LIBRARY = "libc++";
				CLANG_ENABLE_MODULES = YES;
				CLANG_ENABLE_OBJC_ARC = YES;
				CLANG_WARN_BOOL_CONVERSION = YES;
				CLANG_WARN_CONSTANT_CONVERSION = YES;
				CLANG_WARN_DIRECT_OBJC_ISA_USAGE = YES_ERROR;
				CLANG_WARN_EMPTY_BODY = YES;
				CLANG_WARN_ENUM_CONVERSION = YES;
				CLANG_WARN_INT_CONVERSION = YES;
				CLANG_WARN_OBJC_ROOT_CLASS = YES_ERROR;
				CLANG_WARN_UNREACHABLE_CODE = YES;
				CLANG_WARN__DUPLICATE_METHOD_MATCH = YES;
				"CODE_SIGN_IDENTITY[sdk=iphoneos*]" = "iPhone Developer";
				COPY_PHASE_STRIP = NO;
				DEBUG_INFORMATION_FORMAT = dwarf;
				ENABLE_STRICT_OBJC_MSGSEND = YES;
				ENABLE_TESTABILITY = YES;
				GCC_C_LANGUAGE_STANDARD = gnu99;
				GCC_DYNAMIC_NO_PIC = NO;
				GCC_NO_COMMON_BLOCKS = YES;
				GCC_OPTIMIZATION_LEVEL = 0;
				GCC_PREPROCESSOR_DEFINITIONS = (
					"DEBUG=1",
					"$(inherited)",
				);
				GCC_WARN_64_TO_32_BIT_CONVERSION = YES;
				GCC_WARN_ABOUT_RETURN_TYPE = YES_ERROR;
				GCC_WARN_UNDECLARED_SELECTOR = YES;
				GCC_WARN_UNINITIALIZED_AUTOS = YES_AGGRESSIVE;
				GCC_WARN_UNUSED_FUNCTION = YES;
				GCC_WARN_UNUSED_VARIABLE = YES;
				IPHONEOS_DEPLOYMENT_TARGET = 9.3;
				MTL_ENABLE_DEBUG_INFO = YES;
				ONLY_ACTIVE_ARCH = YES;
				SDKROOT = iphoneos;
				SWIFT_OPTIMIZATION_LEVEL = "-Onone";
			};
			name = Debug;
		};
		076680DB1D7F3B2B0005BC8E /* Release */ = {
			isa = XCBuildConfiguration;
			buildSettings = {
				ALWAYS_SEARCH_USER_PATHS = NO;
				CLANG_ANALYZER_NONNULL = YES;
				CLANG_CXX_LANGUAGE_STANDARD = "gnu++0x";
				CLANG_CXX_LIBRARY = "libc++";
				CLANG_ENABLE_MODULES = YES;
				CLANG_ENABLE_OBJC_ARC = YES;
				CLANG_WARN_BOOL_CONVERSION = YES;
				CLANG_WARN_CONSTANT_CONVERSION = YES;
				CLANG_WARN_DIRECT_OBJC_ISA_USAGE = YES_ERROR;
				CLANG_WARN_EMPTY_BODY = YES;
				CLANG_WARN_ENUM_CONVERSION = YES;
				CLANG_WARN_INT_CONVERSION = YES;
				CLANG_WARN_OBJC_ROOT_CLASS = YES_ERROR;
				CLANG_WARN_UNREACHABLE_CODE = YES;
				CLANG_WARN__DUPLICATE_METHOD_MATCH = YES;
				"CODE_SIGN_IDENTITY[sdk=iphoneos*]" = "iPhone Developer";
				COPY_PHASE_STRIP = NO;
				DEBUG_INFORMATION_FORMAT = "dwarf-with-dsym";
				ENABLE_NS_ASSERTIONS = NO;
				ENABLE_STRICT_OBJC_MSGSEND = YES;
				GCC_C_LANGUAGE_STANDARD = gnu99;
				GCC_NO_COMMON_BLOCKS = YES;
				GCC_WARN_64_TO_32_BIT_CONVERSION = YES;
				GCC_WARN_ABOUT_RETURN_TYPE = YES_ERROR;
				GCC_WARN_UNDECLARED_SELECTOR = YES;
				GCC_WARN_UNINITIALIZED_AUTOS = YES_AGGRESSIVE;
				GCC_WARN_UNUSED_FUNCTION = YES;
				GCC_WARN_UNUSED_VARIABLE = YES;
				IPHONEOS_DEPLOYMENT_TARGET = 9.3;
				MTL_ENABLE_DEBUG_INFO = NO;
				SDKROOT = iphoneos;
				VALIDATE_PRODUCT = YES;
			};
			name = Release;
		};
		076680DD1D7F3B2B0005BC8E /* Debug */ = {
			isa = XCBuildConfiguration;
			buildSettings = {
				ASSETCATALOG_COMPILER_APPICON_NAME = AppIcon;
				INFOPLIST_FILE = viewAnimation/Info.plist;
				LD_RUNPATH_SEARCH_PATHS = "$(inherited) @executable_path/Frameworks";
				PRODUCT_BUNDLE_IDENTIFIER = com.sgtmt.jp.viewAnimation;
				PRODUCT_NAME = "$(TARGET_NAME)";
			};
			name = Debug;
		};
		076680DE1D7F3B2B0005BC8E /* Release */ = {
			isa = XCBuildConfiguration;
			buildSettings = {
				ASSETCATALOG_COMPILER_APPICON_NAME = AppIcon;
				INFOPLIST_FILE = viewAnimation/Info.plist;
				LD_RUNPATH_SEARCH_PATHS = "$(inherited) @executable_path/Frameworks";
				PRODUCT_BUNDLE_IDENTIFIER = com.sgtmt.jp.viewAnimation;
				PRODUCT_NAME = "$(TARGET_NAME)";
			};
			name = Release;
		};
		076680E01D7F3B2B0005BC8E /* Debug */ = {
			isa = XCBuildConfiguration;
			buildSettings = {
				INFOPLIST_FILE = viewAnimationUITests/Info.plist;
				LD_RUNPATH_SEARCH_PATHS = "$(inherited) @executable_path/Frameworks @loader_path/Frameworks";
				PRODUCT_BUNDLE_IDENTIFIER = com.sgtmt.jp.viewAnimationUITests;
				PRODUCT_NAME = "$(TARGET_NAME)";
				TEST_TARGET_NAME = viewAnimation;
			};
			name = Debug;
		};
		076680E11D7F3B2B0005BC8E /* Release */ = {
			isa = XCBuildConfiguration;
			buildSettings = {
				INFOPLIST_FILE = viewAnimationUITests/Info.plist;
				LD_RUNPATH_SEARCH_PATHS = "$(inherited) @executable_path/Frameworks @loader_path/Frameworks";
				PRODUCT_BUNDLE_IDENTIFIER = com.sgtmt.jp.viewAnimationUITests;
				PRODUCT_NAME = "$(TARGET_NAME)";
				TEST_TARGET_NAME = viewAnimation;
			};
			name = Release;
		};
/* End XCBuildConfiguration section */

/* Begin XCConfigurationList section */
		076680BA1D7F3B240005BC8E /* Build configuration list for PBXProject "viewAnimation" */ = {
			isa = XCConfigurationList;
			buildConfigurations = (
				076680DA1D7F3B2B0005BC8E /* Debug */,
				076680DB1D7F3B2B0005BC8E /* Release */,
			);
			defaultConfigurationIsVisible = 0;
			defaultConfigurationName = Release;
		};
		076680DC1D7F3B2B0005BC8E /* Build configuration list for PBXNativeTarget "viewAnimation" */ = {
			isa = XCConfigurationList;
			buildConfigurations = (
				076680DD1D7F3B2B0005BC8E /* Debug */,
				076680DE1D7F3B2B0005BC8E /* Release */,
			);
			defaultConfigurationIsVisible = 0;
		};
		076680DF1D7F3B2B0005BC8E /* Build configuration list for PBXNativeTarget "viewAnimationUITests" */ = {
			isa = XCConfigurationList;
			buildConfigurations = (
				076680E01D7F3B2B0005BC8E /* Debug */,
				076680E11D7F3B2B0005BC8E /* Release */,
			);
			defaultConfigurationIsVisible = 0;
		};
/* End XCConfigurationList section */
	};
	rootObject = 076680B71D7F3B240005BC8E /* Project object */;
}
